
Microsoft Visual Studio Solution File, Format Version 12.00
# Visual Studio 15
VisualStudioVersion = 15.0.28307.329
MinimumVisualStudioVersion = 10.0.40219.1
Project("{FAE04EC0-301F-11D3-BF4B-00C04F79EFBC}") = "LinkedList", "LinkedList\LinkedList.csproj", "{1B8A45ED-FAD9-47B5-A2C1-85F636990BC0}"
EndProject
Global
	GlobalSection(SolutionConfigurationPlatforms) = preSolution
		Debug|Any CPU = Debug|Any CPU
		Release|Any CPU = Release|Any CPU
	EndGlobalSection
	GlobalSection(ProjectConfigurationPlatforms) = postSolution
		{1B8A45ED-FAD9-47B5-A2C1-85F636990BC0}.Debug|Any CPU.ActiveCfg = Debug|Any CPU
		{1B8A45ED-FAD9-47B5-A2C1-85F636990BC0}.Debug|Any CPU.Build.0 = Debug|Any CPU
		{1B8A45ED-FAD9-47B5-A2C1-85F636990BC0}.Release|Any CPU.ActiveCfg = Release|Any CPU
		{1B8A45ED-FAD9-47B5-A2C1-85F636990BC0}.Release|Any CPU.Build.0 = Release|Any CPU
	EndGlobalSection
	GlobalSection(SolutionProperties) = preSolution
		HideSolutionNode = FALSE
	EndGlobalSection
	GlobalSection(ExtensibilityGlobals) = postSolution
		SolutionGuid = {0F1CC098-4C32-40C1-840F-B0145FB60869}
	EndGlobalSection
EndGlobal
